
Microsoft Visual Studio Solution File, Format Version 12.00
# Visual Studio 15
VisualStudioVersion = 15.0.28307.329
MinimumVisualStudioVersion = 10.0.40219.1
Project("{FAE04EC0-301F-11D3-BF4B-00C04F79EFBC}") = "task1", "task1\task1.csproj", "{93E2877C-3478-484F-ACCD-030CEA3E90C3}"
EndProject
Project("{FAE04EC0-301F-11D3-BF4B-00C04F79EFBC}") = "task2", "ефылә\task2.csproj", "{64E24C89-89FE-4823-85B6-27870BC179C6}"
EndProject
Project("{FAE04EC0-301F-11D3-BF4B-00C04F79EFBC}") = "task3", "task3\task3.csproj", "{CBC04083-EEF0-445A-BCB7-4C86185E22A3}"
EndProject
Project("{FAE04EC0-301F-11D3-BF4B-00C04F79EFBC}") = "task4", "task4\task4.csproj", "{E14912D0-7360-43C4-B5A5-B1989ACEC880}"
EndProject
Global
	GlobalSection(SolutionConfigurationPlatforms) = preSolution
		Debug|Any CPU = Debug|Any CPU
		Release|Any CPU = Release|Any CPU
	EndGlobalSection
	GlobalSection(ProjectConfigurationPlatforms) = postSolution
		{93E2877C-3478-484F-ACCD-030CEA3E90C3}.Debug|Any CPU.ActiveCfg = Debug|Any CPU
		{93E2877C-3478-484F-ACCD-030CEA3E90C3}.Debug|Any CPU.Build.0 = Debug|Any CPU
		{93E2877C-3478-484F-ACCD-030CEA3E90C3}.Release|Any CPU.ActiveCfg = Release|Any CPU
		{93E2877C-3478-484F-ACCD-030CEA3E90C3}.Release|Any CPU.Build.0 = Release|Any CPU
		{64E24C89-89FE-4823-85B6-27870BC179C6}.Debug|Any CPU.ActiveCfg = Debug|Any CPU
		{64E24C89-89FE-4823-85B6-27870BC179C6}.Debug|Any CPU.Build.0 = Debug|Any CPU
		{64E24C89-89FE-4823-85B6-27870BC179C6}.Release|Any CPU.ActiveCfg = Release|Any CPU
		{64E24C89-89FE-4823-85B6-27870BC179C6}.Release|Any CPU.Build.0 = Release|Any CPU
		{CBC04083-EEF0-445A-BCB7-4C86185E22A3}.Debug|Any CPU.ActiveCfg = Debug|Any CPU
		{CBC04083-EEF0-445A-BCB7-4C86185E22A3}.Debug|Any CPU.Build.0 = Debug|Any CPU
		{CBC04083-EEF0-445A-BCB7-4C86185E22A3}.Release|Any CPU.ActiveCfg = Release|Any CPU
		{CBC04083-EEF0-445A-BCB7-4C86185E22A3}.Release|Any CPU.Build.0 = Release|Any CPU
		{E14912D0-7360-43C4-B5A5-B1989ACEC880}.Debug|Any CPU.ActiveCfg = Debug|Any CPU
		{E14912D0-7360-43C4-B5A5-B1989ACEC880}.Debug|Any CPU.Build.0 = Debug|Any CPU
		{E14912D0-7360-43C4-B5A5-B1989ACEC880}.Release|Any CPU.ActiveCfg = Release|Any CPU
		{E14912D0-7360-43C4-B5A5-B1989ACEC880}.Release|Any CPU.Build.0 = Release|Any CPU
	EndGlobalSection
	GlobalSection(SolutionProperties) = preSolution
		HideSolutionNode = FALSE
	EndGlobalSection
	GlobalSection(ExtensibilityGlobals) = postSolution
		SolutionGuid = {D535EF40-217D-40EF-9E51-23A409E5250D}
	EndGlobalSection
EndGlobal
